lockfileVersion: '9.0'

settings:
  autoInstallPeers: true
  excludeLinksFromLockfile: false

importers:

  .:
    devDependencies:
      '@types/alpinejs':
        specifier: ^3.13.11
        version: 3.13.11
      alpinejs:
        specifier: ^3.14.9
        version: 3.14.9
      centrifuge:
        specifier: ^5.4.0
        version: 5.4.0
      esbuild:
        specifier: ^0.25.8
        version: 0.25.8
      tailwindcss:
        specifier: ^4.1.11
        version: 4.1.11
      typescript:
        specifier: ^5.9.2
        version: 5.9.2

packages:

  '@esbuild/aix-ppc64@0.25.8':
    resolution: {integrity: sha512-urAvrUedIqEiFR3FYSLTWQgLu5tb+m0qZw0NBEasUeo6wuqatkMDaRT+1uABiGXEu5vqgPd7FGE1BhsAIy9QVA==}
    engines: {node: '>=18'}
    cpu: [ppc64]
    os: [aix]

  '@esbuild/android-arm64@0.25.8':
    resolution: {integrity: sha512-OD3p7LYzWpLhZEyATcTSJ67qB5D+20vbtr6vHlHWSQYhKtzUYrETuWThmzFpZtFsBIxRvhO07+UgVA9m0i/O1w==}
    engines: {node: '>=18'}
    cpu: [arm64]
    os: [android]

  '@esbuild/android-arm@0.25.8':
    resolution: {integrity: sha512-RONsAvGCz5oWyePVnLdZY/HHwA++nxYWIX1atInlaW6SEkwq6XkP3+cb825EUcRs5Vss/lGh/2YxAb5xqc07Uw==}
    engines: {node: '>=18'}
    cpu: [arm]
    os: [android]

  '@esbuild/android-x64@0.25.8':
    resolution: {integrity: sha512-yJAVPklM5+4+9dTeKwHOaA+LQkmrKFX96BM0A/2zQrbS6ENCmxc4OVoBs5dPkCCak2roAD+jKCdnmOqKszPkjA==}
    engines: {node: '>=18'}
    cpu: [x64]
    os: [android]

  '@esbuild/darwin-arm64@0.25.8':
    resolution: {integrity: sha512-Jw0mxgIaYX6R8ODrdkLLPwBqHTtYHJSmzzd+QeytSugzQ0Vg4c5rDky5VgkoowbZQahCbsv1rT1KW72MPIkevw==}
    engines: {node: '>=18'}
    cpu: [arm64]
    os: [darwin]

  '@esbuild/darwin-x64@0.25.8':
    resolution: {integrity: sha512-Vh2gLxxHnuoQ+GjPNvDSDRpoBCUzY4Pu0kBqMBDlK4fuWbKgGtmDIeEC081xi26PPjn+1tct+Bh8FjyLlw1Zlg==}
    engines: {node: '>=18'}
    cpu: [x64]
    os: [darwin]

  '@esbuild/freebsd-arm64@0.25.8':
    resolution: {integrity: sha512-YPJ7hDQ9DnNe5vxOm6jaie9QsTwcKedPvizTVlqWG9GBSq+BuyWEDazlGaDTC5NGU4QJd666V0yqCBL2oWKPfA==}
    engines: {node: '>=18'}
    cpu: [arm64]
    os: [freebsd]

  '@esbuild/freebsd-x64@0.25.8':
    resolution: {integrity: sha512-MmaEXxQRdXNFsRN/KcIimLnSJrk2r5H8v+WVafRWz5xdSVmWLoITZQXcgehI2ZE6gioE6HirAEToM/RvFBeuhw==}
    engines: {node: '>=18'}
    cpu: [x64]
    os: [freebsd]

  '@esbuild/linux-arm64@0.25.8':
    resolution: {integrity: sha512-WIgg00ARWv/uYLU7lsuDK00d/hHSfES5BzdWAdAig1ioV5kaFNrtK8EqGcUBJhYqotlUByUKz5Qo6u8tt7iD/w==}
    engines: {node: '>=18'}
    cpu: [arm64]
    os: [linux]

  '@esbuild/linux-arm@0.25.8':
    resolution: {integrity: sha512-FuzEP9BixzZohl1kLf76KEVOsxtIBFwCaLupVuk4eFVnOZfU+Wsn+x5Ryam7nILV2pkq2TqQM9EZPsOBuMC+kg==}
    engines: {node: '>=18'}
    cpu: [arm]
    os: [linux]

  '@esbuild/linux-ia32@0.25.8':
    resolution: {integrity: sha512-A1D9YzRX1i+1AJZuFFUMP1E9fMaYY+GnSQil9Tlw05utlE86EKTUA7RjwHDkEitmLYiFsRd9HwKBPEftNdBfjg==}
    engines: {node: '>=18'}
    cpu: [ia32]
    os: [linux]

  '@esbuild/linux-loong64@0.25.8':
    resolution: {integrity: sha512-O7k1J/dwHkY1RMVvglFHl1HzutGEFFZ3kNiDMSOyUrB7WcoHGf96Sh+64nTRT26l3GMbCW01Ekh/ThKM5iI7hQ==}
    engines: {node: '>=18'}
    cpu: [loong64]
    os: [linux]

  '@esbuild/linux-mips64el@0.25.8':
    resolution: {integrity: sha512-uv+dqfRazte3BzfMp8PAQXmdGHQt2oC/y2ovwpTteqrMx2lwaksiFZ/bdkXJC19ttTvNXBuWH53zy/aTj1FgGw==}
    engines: {node: '>=18'}
    cpu: [mips64el]
    os: [linux]

  '@esbuild/linux-ppc64@0.25.8':
    resolution: {integrity: sha512-GyG0KcMi1GBavP5JgAkkstMGyMholMDybAf8wF5A70CALlDM2p/f7YFE7H92eDeH/VBtFJA5MT4nRPDGg4JuzQ==}
    engines: {node: '>=18'}
    cpu: [ppc64]
    os: [linux]

  '@esbuild/linux-riscv64@0.25.8':
    resolution: {integrity: sha512-rAqDYFv3yzMrq7GIcen3XP7TUEG/4LK86LUPMIz6RT8A6pRIDn0sDcvjudVZBiiTcZCY9y2SgYX2lgK3AF+1eg==}
    engines: {node: '>=18'}
    cpu: [riscv64]
    os: [linux]

  '@esbuild/linux-s390x@0.25.8':
    resolution: {integrity: sha512-Xutvh6VjlbcHpsIIbwY8GVRbwoviWT19tFhgdA7DlenLGC/mbc3lBoVb7jxj9Z+eyGqvcnSyIltYUrkKzWqSvg==}
    engines: {node: '>=18'}
    cpu: [s390x]
    os: [linux]

  '@esbuild/linux-x64@0.25.8':
    resolution: {integrity: sha512-ASFQhgY4ElXh3nDcOMTkQero4b1lgubskNlhIfJrsH5OKZXDpUAKBlNS0Kx81jwOBp+HCeZqmoJuihTv57/jvQ==}
    engines: {node: '>=18'}
    cpu: [x64]
    os: [linux]

  '@esbuild/netbsd-arm64@0.25.8':
    resolution: {integrity: sha512-d1KfruIeohqAi6SA+gENMuObDbEjn22olAR7egqnkCD9DGBG0wsEARotkLgXDu6c4ncgWTZJtN5vcgxzWRMzcw==}
    engines: {node: '>=18'}
    cpu: [arm64]
    os: [netbsd]

  '@esbuild/netbsd-x64@0.25.8':
    resolution: {integrity: sha512-nVDCkrvx2ua+XQNyfrujIG38+YGyuy2Ru9kKVNyh5jAys6n+l44tTtToqHjino2My8VAY6Lw9H7RI73XFi66Cg==}
    engines: {node: '>=18'}
    cpu: [x64]
    os: [netbsd]

  '@esbuild/openbsd-arm64@0.25.8':
    resolution: {integrity: sha512-j8HgrDuSJFAujkivSMSfPQSAa5Fxbvk4rgNAS5i3K+r8s1X0p1uOO2Hl2xNsGFppOeHOLAVgYwDVlmxhq5h+SQ==}
    engines: {node: '>=18'}
    cpu: [arm64]
    os: [openbsd]

  '@esbuild/openbsd-x64@0.25.8':
    resolution: {integrity: sha512-1h8MUAwa0VhNCDp6Af0HToI2TJFAn1uqT9Al6DJVzdIBAd21m/G0Yfc77KDM3uF3T/YaOgQq3qTJHPbTOInaIQ==}
    engines: {node: '>=18'}
    cpu: [x64]
    os: [openbsd]

  '@esbuild/openharmony-arm64@0.25.8':
    resolution: {integrity: sha512-r2nVa5SIK9tSWd0kJd9HCffnDHKchTGikb//9c7HX+r+wHYCpQrSgxhlY6KWV1nFo1l4KFbsMlHk+L6fekLsUg==}
    engines: {node: '>=18'}
    cpu: [arm64]
    os: [openharmony]

  '@esbuild/sunos-x64@0.25.8':
    resolution: {integrity: sha512-zUlaP2S12YhQ2UzUfcCuMDHQFJyKABkAjvO5YSndMiIkMimPmxA+BYSBikWgsRpvyxuRnow4nS5NPnf9fpv41w==}
    engines: {node: '>=18'}
    cpu: [x64]
    os: [sunos]

  '@esbuild/win32-arm64@0.25.8':
    resolution: {integrity: sha512-YEGFFWESlPva8hGL+zvj2z/SaK+pH0SwOM0Nc/d+rVnW7GSTFlLBGzZkuSU9kFIGIo8q9X3ucpZhu8PDN5A2sQ==}
    engines: {node: '>=18'}
    cpu: [arm64]
    os: [win32]

  '@esbuild/win32-ia32@0.25.8':
    resolution: {integrity: sha512-hiGgGC6KZ5LZz58OL/+qVVoZiuZlUYlYHNAmczOm7bs2oE1XriPFi5ZHHrS8ACpV5EjySrnoCKmcbQMN+ojnHg==}
    engines: {node: '>=18'}
    cpu: [ia32]
    os: [win32]

  '@esbuild/win32-x64@0.25.8':
    resolution: {integrity: sha512-cn3Yr7+OaaZq1c+2pe+8yxC8E144SReCQjN6/2ynubzYjvyqZjTXfQJpAcQpsdJq3My7XADANiYGHoFC69pLQw==}
    engines: {node: '>=18'}
    cpu: [x64]
    os: [win32]

  '@protobufjs/aspromise@1.1.2':
    resolution: {integrity: sha512-j+gKExEuLmKwvz3OgROXtrJ2UG2x8Ch2YZUxahh+s1F2HZ+wAceUNLkvy6zKCPVRkU++ZWQrdxsUeQXmcg4uoQ==}

  '@protobufjs/base64@1.1.2':
    resolution: {integrity: sha512-AZkcAA5vnN/v4PDqKyMR5lx7hZttPDgClv83E//FMNhR2TMcLUhfRUBHCmSl0oi9zMgDDqRUJkSxO3wm85+XLg==}

  '@protobufjs/codegen@2.0.4':
    resolution: {integrity: sha512-YyFaikqM5sH0ziFZCN3xDC7zeGaB/d0IUb9CATugHWbd1FRFwWwt4ld4OYMPWu5a3Xe01mGAULCdqhMlPl29Jg==}

  '@protobufjs/eventemitter@1.1.0':
    resolution: {integrity: sha512-j9ednRT81vYJ9OfVuXG6ERSTdEL1xVsNgqpkxMsbIabzSo3goCjDIveeGv5d03om39ML71RdmrGNjG5SReBP/Q==}

  '@protobufjs/fetch@1.1.0':
    resolution: {integrity: sha512-lljVXpqXebpsijW71PZaCYeIcE5on1w5DlQy5WH6GLbFryLUrBD4932W/E2BSpfRJWseIL4v/KPgBFxDOIdKpQ==}

  '@protobufjs/float@1.0.2':
    resolution: {integrity: sha512-Ddb+kVXlXst9d+R9PfTIxh1EdNkgoRe5tOX6t01f1lYWOvJnSPDBlG241QLzcyPdoNTsblLUdujGSE4RzrTZGQ==}

  '@protobufjs/inquire@1.1.0':
    resolution: {integrity: sha512-kdSefcPdruJiFMVSbn801t4vFK7KB/5gd2fYvrxhuJYg8ILrmn9SKSX2tZdV6V+ksulWqS7aXjBcRXl3wHoD9Q==}

  '@protobufjs/path@1.1.2':
    resolution: {integrity: sha512-6JOcJ5Tm08dOHAbdR3GrvP+yUUfkjG5ePsHYczMFLq3ZmMkAD98cDgcT2iA1lJ9NVwFd4tH/iSSoe44YWkltEA==}

  '@protobufjs/pool@1.1.0':
    resolution: {integrity: sha512-0kELaGSIDBKvcgS4zkjz1PeddatrjYcmMWOlAuAPwAeccUrPHdUqo/J6LiymHHEiJT5NrF1UVwxY14f+fy4WQw==}

  '@protobufjs/utf8@1.1.0':
    resolution: {integrity: sha512-Vvn3zZrhQZkkBE8LSuW3em98c0FwgO4nxzv6OdSxPKJIEKY2bGbHn+mhGIPerzI4twdxaP8/0+06HBpwf345Lw==}

  '@types/alpinejs@3.13.11':
    resolution: {integrity: sha512-3KhGkDixCPiLdL3Z/ok1GxHwLxEWqQOKJccgaQL01wc0EVM2tCTaqlC3NIedmxAXkVzt/V6VTM8qPgnOHKJ1MA==}

  '@types/node@24.2.0':
    resolution: {integrity: sha512-3xyG3pMCq3oYCNg7/ZP+E1ooTaGB4cG8JWRsqqOYQdbWNY4zbaV0Ennrd7stjiJEFZCaybcIgpTjJWHRfBSIDw==}

  '@vue/reactivity@3.1.5':
    resolution: {integrity: sha512-1tdfLmNjWG6t/CsPldh+foumYFo3cpyCHgBYQ34ylaMsJ+SNHQ1kApMIa8jN+i593zQuaw3AdWH0nJTARzCFhg==}

  '@vue/shared@3.1.5':
    resolution: {integrity: sha512-oJ4F3TnvpXaQwZJNF3ZK+kLPHKarDmJjJ6jyzVNDKH9md1dptjC7lWR//jrGuLdek/U6iltWxqAnYOu8gCiOvA==}

  alpinejs@3.14.9:
    resolution: {integrity: sha512-gqSOhTEyryU9FhviNqiHBHzgjkvtukq9tevew29fTj+ofZtfsYriw4zPirHHOAy9bw8QoL3WGhyk7QqCh5AYlw==}

  centrifuge@5.4.0:
    resolution: {integrity: sha512-XFRaOkljFN8GvN0Z+8g/nhlTf93PIF9nz9eWXuZ/OfviUkXuQfNpGzzQMAWMrrPnQCqVNXEK8WxJbproT2TSnw==}

  esbuild@0.25.8:
    resolution: {integrity: sha512-vVC0USHGtMi8+R4Kz8rt6JhEWLxsv9Rnu/lGYbPR8u47B+DCBksq9JarW0zOO7bs37hyOK1l2/oqtbciutL5+Q==}
    engines: {node: '>=18'}
    hasBin: true

  events@3.3.0:
    resolution: {integrity: sha512-mQw+2fkQbALzQ7V0MY0IqdnXNOeTtP4r0lN9z7AAawCXgqea7bDii20AYrIBrFd/Hx0M2Ocz6S111CaFkUcb0Q==}
    engines: {node: '>=0.8.x'}

  long@5.3.2:
    resolution: {integrity: sha512-mNAgZ1GmyNhD7AuqnTG3/VQ26o760+ZYBPKjPvugO8+nLbYfX6TVpJPseBvopbdY+qpZ/lKUnmEc1LeZYS3QAA==}

  protobufjs@7.5.3:
    resolution: {integrity: sha512-sildjKwVqOI2kmFDiXQ6aEB0fjYTafpEvIBs8tOR8qI4spuL9OPROLVu2qZqi/xgCfsHIwVqlaF8JBjWFHnKbw==}
    engines: {node: '>=12.0.0'}

  tailwindcss@4.1.11:
    resolution: {integrity: sha512-2E9TBm6MDD/xKYe+dvJZAmg3yxIEDNRc0jwlNyDg/4Fil2QcSLjFKGVff0lAf1jjeaArlG/M75Ey/EYr/OJtBA==}

  typescript@5.9.2:
    resolution: {integrity: sha512-CWBzXQrc/qOkhidw1OzBTQuYRbfyxDXJMVJ1XNwUHGROVmuaeiEm3OslpZ1RV96d7SKKjZKrSJu3+t/xlw3R9A==}
    engines: {node: '>=14.17'}
    hasBin: true

  undici-types@7.10.0:
    resolution: {integrity: sha512-t5Fy/nfn+14LuOc2KNYg75vZqClpAiqscVvMygNnlsHBFpSXdJaYtXMcdNLpl/Qvc3P2cB3s6lOV51nqsFq4ag==}

snapshots:

  '@esbuild/aix-ppc64@0.25.8':
    optional: true

  '@esbuild/android-arm64@0.25.8':
    optional: true

  '@esbuild/android-arm@0.25.8':
    optional: true

  '@esbuild/android-x64@0.25.8':
    optional: true

  '@esbuild/darwin-arm64@0.25.8':
    optional: true

  '@esbuild/darwin-x64@0.25.8':
    optional: true

  '@esbuild/freebsd-arm64@0.25.8':
    optional: true

  '@esbuild/freebsd-x64@0.25.8':
    optional: true

  '@esbuild/linux-arm64@0.25.8':
    optional: true

  '@esbuild/linux-arm@0.25.8':
    optional: true

  '@esbuild/linux-ia32@0.25.8':
    optional: true

  '@esbuild/linux-loong64@0.25.8':
    optional: true

  '@esbuild/linux-mips64el@0.25.8':
    optional: true

  '@esbuild/linux-ppc64@0.25.8':
    optional: true

  '@esbuild/linux-riscv64@0.25.8':
    optional: true

  '@esbuild/linux-s390x@0.25.8':
    optional: true

  '@esbuild/linux-x64@0.25.8':
    optional: true

  '@esbuild/netbsd-arm64@0.25.8':
    optional: true

  '@esbuild/netbsd-x64@0.25.8':
    optional: true

  '@esbuild/openbsd-arm64@0.25.8':
    optional: true

  '@esbuild/openbsd-x64@0.25.8':
    optional: true

  '@esbuild/openharmony-arm64@0.25.8':
    optional: true

  '@esbuild/sunos-x64@0.25.8':
    optional: true

  '@esbuild/win32-arm64@0.25.8':
    optional: true

  '@esbuild/win32-ia32@0.25.8':
    optional: true

  '@esbuild/win32-x64@0.25.8':
    optional: true

  '@protobufjs/aspromise@1.1.2': {}

  '@protobufjs/base64@1.1.2': {}

  '@protobufjs/codegen@2.0.4': {}

  '@protobufjs/eventemitter@1.1.0': {}

  '@protobufjs/fetch@1.1.0':
    dependencies:
      '@protobufjs/aspromise': 1.1.2
      '@protobufjs/inquire': 1.1.0

  '@protobufjs/float@1.0.2': {}

  '@protobufjs/inquire@1.1.0': {}

  '@protobufjs/path@1.1.2': {}

  '@protobufjs/pool@1.1.0': {}

  '@protobufjs/utf8@1.1.0': {}

  '@types/alpinejs@3.13.11': {}

  '@types/node@24.2.0':
    dependencies:
      undici-types: 7.10.0

  '@vue/reactivity@3.1.5':
    dependencies:
      '@vue/shared': 3.1.5

  '@vue/shared@3.1.5': {}

  alpinejs@3.14.9:
    dependencies:
      '@vue/reactivity': 3.1.5

  centrifuge@5.4.0:
    dependencies:
      events: 3.3.0
      protobufjs: 7.5.3

  esbuild@0.25.8:
    optionalDependencies:
      '@esbuild/aix-ppc64': 0.25.8
      '@esbuild/android-arm': 0.25.8
      '@esbuild/android-arm64': 0.25.8
      '@esbuild/android-x64': 0.25.8
      '@esbuild/darwin-arm64': 0.25.8
      '@esbuild/darwin-x64': 0.25.8
      '@esbuild/freebsd-arm64': 0.25.8
      '@esbuild/freebsd-x64': 0.25.8
      '@esbuild/linux-arm': 0.25.8
      '@esbuild/linux-arm64': 0.25.8
      '@esbuild/linux-ia32': 0.25.8
      '@esbuild/linux-loong64': 0.25.8
      '@esbuild/linux-mips64el': 0.25.8
      '@esbuild/linux-ppc64': 0.25.8
      '@esbuild/linux-riscv64': 0.25.8
      '@esbuild/linux-s390x': 0.25.8
      '@esbuild/linux-x64': 0.25.8
      '@esbuild/netbsd-arm64': 0.25.8
      '@esbuild/netbsd-x64': 0.25.8
      '@esbuild/openbsd-arm64': 0.25.8
      '@esbuild/openbsd-x64': 0.25.8
      '@esbuild/openharmony-arm64': 0.25.8
      '@esbuild/sunos-x64': 0.25.8
      '@esbuild/win32-arm64': 0.25.8
      '@esbuild/win32-ia32': 0.25.8
      '@esbuild/win32-x64': 0.25.8

  events@3.3.0: {}

  long@5.3.2: {}

  protobufjs@7.5.3:
    dependencies:
      '@protobufjs/aspromise': 1.1.2
      '@protobufjs/base64': 1.1.2
      '@protobufjs/codegen': 2.0.4
      '@protobufjs/eventemitter': 1.1.0
      '@protobufjs/fetch': 1.1.0
      '@protobufjs/float': 1.0.2
      '@protobufjs/inquire': 1.1.0
      '@protobufjs/path': 1.1.2
      '@protobufjs/pool': 1.1.0
      '@protobufjs/utf8': 1.1.0
      '@types/node': 24.2.0
      long: 5.3.2

  tailwindcss@4.1.11: {}

  typescript@5.9.2: {}

  undici-types@7.10.0: {}
